
Microsoft Visual Studio Solution File, Format Version 12.00
# Visual Studio Version 17
VisualStudioVersion = 17.1.32104.313
MinimumVisualStudioVersion = 10.0.40219.1
Project("{9A19103F-16F7-4668-BE54-9A1E7A4F7556}") = "SuggestionsBlog.Server", "SuggestionsBlog.Server\SuggestionsBlog.Server.csproj", "{2C8C016E-7026-4136-A34B-FC2003A4AFD2}"
EndProject
Project("{9A19103F-16F7-4668-BE54-9A1E7A4F7556}") = "SuggestionsBlog.Library", "SuggestionsBlog.Library\SuggestionsBlog.Library.csproj", "{2819A0D1-FB86-4400-B697-158F6FB00D99}"
EndProject
Global
	GlobalSection(SolutionConfigurationPlatforms) = preSolution
		Debug|Any CPU = Debug|Any CPU
		Release|Any CPU = Release|Any CPU
	EndGlobalSection
	GlobalSection(ProjectConfigurationPlatforms) = postSolution
		{2C8C016E-7026-4136-A34B-FC2003A4AFD2}.Debug|Any CPU.ActiveCfg = Debug|Any CPU
		{2C8C016E-7026-4136-A34B-FC2003A4AFD2}.Debug|Any CPU.Build.0 = Debug|Any CPU
		{2C8C016E-7026-4136-A34B-FC2003A4AFD2}.Release|Any CPU.ActiveCfg = Release|Any CPU
		{2C8C016E-7026-4136-A34B-FC2003A4AFD2}.Release|Any CPU.Build.0 = Release|Any CPU
		{2819A0D1-FB86-4400-B697-158F6FB00D99}.Debug|Any CPU.ActiveCfg = Debug|Any CPU
		{2819A0D1-FB86-4400-B697-158F6FB00D99}.Debug|Any CPU.Build.0 = Debug|Any CPU
		{2819A0D1-FB86-4400-B697-158F6FB00D99}.Release|Any CPU.ActiveCfg = Release|Any CPU
		{2819A0D1-FB86-4400-B697-158F6FB00D99}.Release|Any CPU.Build.0 = Release|Any CPU
	EndGlobalSection
	GlobalSection(SolutionProperties) = preSolution
		HideSolutionNode = FALSE
	EndGlobalSection
	GlobalSection(ExtensibilityGlobals) = postSolution
		SolutionGuid = {C240F2AB-A912-4044-A384-BE1ED4B12170}
	EndGlobalSection
EndGlobal
